// !$*UTF8*$!
{
	archiveVersion = 1;
	classes = {
	};
	objectVersion = 56;
	objects = {

/* Begin PBXBuildFile section */
		ED607C902A93246F00859DFC /* AppDelegate.swift in Sources */ = {isa = PBXBuildFile; fileRef = ED607C8F2A93246F00859DFC /* AppDelegate.swift */; };
		ED607C922A93246F00859DFC /* SceneDelegate.swift in Sources */ = {isa = PBXBuildFile; fileRef = ED607C912A93246F00859DFC /* SceneDelegate.swift */; };
		ED607C992A93247000859DFC /* Assets.xcassets in Resources */ = {isa = PBXBuildFile; fileRef = ED607C982A93247000859DFC /* Assets.xcassets */; };
		ED607C9C2A93247000859DFC /* LaunchScreen.storyboard in Resources */ = {isa = PBXBuildFile; fileRef = ED607C9A2A93247000859DFC /* LaunchScreen.storyboard */; };
		EDFC57792A9349EF0007EB98 /* MoviesListViewController.swift in Sources */ = {isa = PBXBuildFile; fileRef = EDFC57782A9349EF0007EB98 /* MoviesListViewController.swift */; };
		EDFC577C2A934A780007EB98 /* AppDIContainer.swift in Sources */ = {isa = PBXBuildFile; fileRef = EDFC577B2A934A780007EB98 /* AppDIContainer.swift */; };
		EDFC577E2A934B040007EB98 /* MoviesSceneDIContainer.swift in Sources */ = {isa = PBXBuildFile; fileRef = EDFC577D2A934B040007EB98 /* MoviesSceneDIContainer.swift */; };
		EDFC57812A934B5E0007EB98 /* MoviesCoordinator.swift in Sources */ = {isa = PBXBuildFile; fileRef = EDFC57802A934B5E0007EB98 /* MoviesCoordinator.swift */; };
		EDFC57832A934FE30007EB98 /* AppFlowCoordinator.swift in Sources */ = {isa = PBXBuildFile; fileRef = EDFC57822A934FE30007EB98 /* AppFlowCoordinator.swift */; };
		EDFC57872A9354A80007EB98 /* Video.swift in Sources */ = {isa = PBXBuildFile; fileRef = EDFC57862A9354A80007EB98 /* Video.swift */; };
		EDFC57892A9357F80007EB98 /* VideoDetail.swift in Sources */ = {isa = PBXBuildFile; fileRef = EDFC57882A9357F80007EB98 /* VideoDetail.swift */; };
/* End PBXBuildFile section */

/* Begin PBXFileReference section */
		ED607C8C2A93246F00859DFC /* CleanPractice.app */ = {isa = PBXFileReference; explicitFileType = wrapper.application; includeInIndex = 0; path = CleanPractice.app; sourceTree = BUILT_PRODUCTS_DIR; };
		ED607C8F2A93246F00859DFC /* AppDelegate.swift */ = {isa = PBXFileReference; lastKnownFileType = sourcecode.swift; path = AppDelegate.swift; sourceTree = "<group>"; };
		ED607C912A93246F00859DFC /* SceneDelegate.swift */ = {isa = PBXFileReference; lastKnownFileType = sourcecode.swift; path = SceneDelegate.swift; sourceTree = "<group>"; };
		ED607C982A93247000859DFC /* Assets.xcassets */ = {isa = PBXFileReference; lastKnownFileType = folder.assetcatalog; path = Assets.xcassets; sourceTree = "<group>"; };
		ED607C9B2A93247000859DFC /* Base */ = {isa = PBXFileReference; lastKnownFileType = file.storyboard; name = Base; path = Base.lproj/LaunchScreen.storyboard; sourceTree = "<group>"; };
		ED607C9D2A93247000859DFC /* Info.plist */ = {isa = PBXFileReference; lastKnownFileType = text.plist.xml; path = Info.plist; sourceTree = "<group>"; };
		EDFC57782A9349EF0007EB98 /* MoviesListViewController.swift */ = {isa = PBXFileReference; lastKnownFileType = sourcecode.swift; path = MoviesListViewController.swift; sourceTree = "<group>"; };
		EDFC577B2A934A780007EB98 /* AppDIContainer.swift */ = {isa = PBXFileReference; lastKnownFileType = sourcecode.swift; path = AppDIContainer.swift; sourceTree = "<group>"; };
		EDFC577D2A934B040007EB98 /* MoviesSceneDIContainer.swift */ = {isa = PBXFileReference; lastKnownFileType = sourcecode.swift; path = MoviesSceneDIContainer.swift; sourceTree = "<group>"; };
		EDFC57802A934B5E0007EB98 /* MoviesCoordinator.swift */ = {isa = PBXFileReference; lastKnownFileType = sourcecode.swift; path = MoviesCoordinator.swift; sourceTree = "<group>"; };
		EDFC57822A934FE30007EB98 /* AppFlowCoordinator.swift */ = {isa = PBXFileReference; lastKnownFileType = sourcecode.swift; path = AppFlowCoordinator.swift; sourceTree = "<group>"; };
		EDFC57862A9354A80007EB98 /* Video.swift */ = {isa = PBXFileReference; lastKnownFileType = sourcecode.swift; path = Video.swift; sourceTree = "<group>"; };
		EDFC57882A9357F80007EB98 /* VideoDetail.swift */ = {isa = PBXFileReference; lastKnownFileType = sourcecode.swift; path = VideoDetail.swift; sourceTree = "<group>"; };
/* End PBXFileReference section */

/* Begin PBXFrameworksBuildPhase section */
		ED607C892A93246F00859DFC /* Frameworks */ = {
			isa = PBXFrameworksBuildPhase;
			buildActionMask = 2147483647;
			files = (
			);
			runOnlyForDeploymentPostprocessing = 0;
		};
/* End PBXFrameworksBuildPhase section */

/* Begin PBXGroup section */
		ED607C832A93246F00859DFC = {
			isa = PBXGroup;
			children = (
				ED607C8E2A93246F00859DFC /* CleanPractice */,
				ED607C8D2A93246F00859DFC /* Products */,
			);
			sourceTree = "<group>";
		};
		ED607C8D2A93246F00859DFC /* Products */ = {
			isa = PBXGroup;
			children = (
				ED607C8C2A93246F00859DFC /* CleanPractice.app */,
			);
			name = Products;
			sourceTree = "<group>";
		};
		ED607C8E2A93246F00859DFC /* CleanPractice */ = {
			isa = PBXGroup;
			children = (
				ED69885F2A9327F3008671A6 /* Application */,
				EDFC57842A9353F90007EB98 /* Domain */,
				EDFC57762A9349C90007EB98 /* Presentation */,
				ED69885E2A9327E1008671A6 /* Resources */,
			);
			path = CleanPractice;
			sourceTree = "<group>";
		};
		ED69885E2A9327E1008671A6 /* Resources */ = {
			isa = PBXGroup;
			children = (
				ED607C982A93247000859DFC /* Assets.xcassets */,
				ED607C9A2A93247000859DFC /* LaunchScreen.storyboard */,
				ED607C9D2A93247000859DFC /* Info.plist */,
			);
			path = Resources;
			sourceTree = "<group>";
		};
		ED69885F2A9327F3008671A6 /* Application */ = {
			isa = PBXGroup;
			children = (
				ED607C8F2A93246F00859DFC /* AppDelegate.swift */,
				ED607C912A93246F00859DFC /* SceneDelegate.swift */,
				EDFC57822A934FE30007EB98 /* AppFlowCoordinator.swift */,
				EDFC577A2A934A6A0007EB98 /* DIContainer */,
			);
			path = Application;
			sourceTree = "<group>";
		};
		EDFC57762A9349C90007EB98 /* Presentation */ = {
			isa = PBXGroup;
			children = (
				EDFC577F2A934B520007EB98 /* Flows */,
				EDFC57772A9349DF0007EB98 /* MoviesScene */,
			);
			path = Presentation;
			sourceTree = "<group>";
		};
		EDFC57772A9349DF0007EB98 /* MoviesScene */ = {
			isa = PBXGroup;
			children = (
				EDFC57782A9349EF0007EB98 /* MoviesListViewController.swift */,
			);
			path = MoviesScene;
			sourceTree = "<group>";
		};
		EDFC577A2A934A6A0007EB98 /* DIContainer */ = {
			isa = PBXGroup;
			children = (
				EDFC577B2A934A780007EB98 /* AppDIContainer.swift */,
				EDFC577D2A934B040007EB98 /* MoviesSceneDIContainer.swift */,
			);
			path = DIContainer;
			sourceTree = "<group>";
		};
		EDFC577F2A934B520007EB98 /* Flows */ = {
			isa = PBXGroup;
			children = (
				EDFC57802A934B5E0007EB98 /* MoviesCoordinator.swift */,
			);
			path = Flows;
			sourceTree = "<group>";
		};
		EDFC57842A9353F90007EB98 /* Domain */ = {
			isa = PBXGroup;
			children = (
				EDFC57852A93540C0007EB98 /* Entities */,
			);
			path = Domain;
			sourceTree = "<group>";
		};
		EDFC57852A93540C0007EB98 /* Entities */ = {
			isa = PBXGroup;
			children = (
				EDFC57862A9354A80007EB98 /* Video.swift */,
				EDFC57882A9357F80007EB98 /* VideoDetail.swift */,
			);
			path = Entities;
			sourceTree = "<group>";
		};
/* End PBXGroup section */

/* Begin PBXNativeTarget section */
		ED607C8B2A93246F00859DFC /* CleanPractice */ = {
			isa = PBXNativeTarget;
			buildConfigurationList = ED607CA02A93247000859DFC /* Build configuration list for PBXNativeTarget "CleanPractice" */;
			buildPhases = (
				ED607C882A93246F00859DFC /* Sources */,
				ED607C892A93246F00859DFC /* Frameworks */,
				ED607C8A2A93246F00859DFC /* Resources */,
			);
			buildRules = (
			);
			dependencies = (
			);
			name = CleanPractice;
			productName = CleanPractice;
			productReference = ED607C8C2A93246F00859DFC /* CleanPractice.app */;
			productType = "com.apple.product-type.application";
		};
/* End PBXNativeTarget section */

/* Begin PBXProject section */
		ED607C842A93246F00859DFC /* Project object */ = {
			isa = PBXProject;
			attributes = {
				BuildIndependentTargetsInParallel = 1;
				LastSwiftUpdateCheck = 1420;
				LastUpgradeCheck = 1420;
				TargetAttributes = {
					ED607C8B2A93246F00859DFC = {
						CreatedOnToolsVersion = 14.2;
					};
				};
			};
			buildConfigurationList = ED607C872A93246F00859DFC /* Build configuration list for PBXProject "CleanPractice" */;
			compatibilityVersion = "Xcode 14.0";
			developmentRegion = en;
			hasScannedForEncodings = 0;
			knownRegions = (
				en,
				Base,
			);
			mainGroup = ED607C832A93246F00859DFC;
			productRefGroup = ED607C8D2A93246F00859DFC /* Products */;
			projectDirPath = "";
			projectRoot = "";
			targets = (
				ED607C8B2A93246F00859DFC /* CleanPractice */,
			);
		};
/* End PBXProject section */

/* Begin PBXResourcesBuildPhase section */
		ED607C8A2A93246F00859DFC /* Resources */ = {
			isa = PBXResourcesBuildPhase;
			buildActionMask = 2147483647;
			files = (
				ED607C9C2A93247000859DFC /* LaunchScreen.storyboard in Resources */,
				ED607C992A93247000859DFC /* Assets.xcassets in Resources */,
			);
			runOnlyForDeploymentPostprocessing = 0;
		};
/* End PBXResourcesBuildPhase section */

/* Begin PBXSourcesBuildPhase section */
		ED607C882A93246F00859DFC /* Sources */ = {
			isa = PBXSourcesBuildPhase;
			buildActionMask = 2147483647;
			files = (
				EDFC577C2A934A780007EB98 /* AppDIContainer.swift in Sources */,
				ED607C902A93246F00859DFC /* AppDelegate.swift in Sources */,
				ED607C922A93246F00859DFC /* SceneDelegate.swift in Sources */,
				EDFC57832A934FE30007EB98 /* AppFlowCoordinator.swift in Sources */,
				EDFC57892A9357F80007EB98 /* VideoDetail.swift in Sources */,
				EDFC57812A934B5E0007EB98 /* MoviesCoordinator.swift in Sources */,
				EDFC57872A9354A80007EB98 /* Video.swift in Sources */,
				EDFC57792A9349EF0007EB98 /* MoviesListViewController.swift in Sources */,
				EDFC577E2A934B040007EB98 /* MoviesSceneDIContainer.swift in Sources */,
			);
			runOnlyForDeploymentPostprocessing = 0;
		};
/* End PBXSourcesBuildPhase section */

/* Begin PBXVariantGroup section */
		ED607C9A2A93247000859DFC /* LaunchScreen.storyboard */ = {
			isa = PBXVariantGroup;
			children = (
				ED607C9B2A93247000859DFC /* Base */,
			);
			name = LaunchScreen.storyboard;
			sourceTree = "<group>";
		};
/* End PBXVariantGroup section */

/* Begin XCBuildConfiguration section */
		ED607C9E2A93247000859DFC /* Debug */ = {
			isa = XCBuildConfiguration;
			buildSettings = {
				ALWAYS_SEARCH_USER_PATHS = NO;
				CLANG_ANALYZER_NONNULL = YES;
				CLANG_ANALYZER_NUMBER_OBJECT_CONVERSION = YES_AGGRESSIVE;
				CLANG_CXX_LANGUAGE_STANDARD = "gnu++20";
				CLANG_ENABLE_MODULES = YES;
				CLANG_ENABLE_OBJC_ARC = YES;
				CLANG_ENABLE_OBJC_WEAK = YES;
				CLANG_WARN_BLOCK_CAPTURE_AUTORELEASING = YES;
				CLANG_WARN_BOOL_CONVERSION = YES;
				CLANG_WARN_COMMA = YES;
				CLANG_WARN_CONSTANT_CONVERSION = YES;
				CLANG_WARN_DEPRECATED_OBJC_IMPLEMENTATIONS = YES;
				CLANG_WARN_DIRECT_OBJC_ISA_USAGE = YES_ERROR;
				CLANG_WARN_DOCUMENTATION_COMMENTS = YES;
				CLANG_WARN_EMPTY_BODY = YES;
				CLANG_WARN_ENUM_CONVERSION = YES;
				CLANG_WARN_INFINITE_RECURSION = YES;
				CLANG_WARN_INT_CONVERSION = YES;
				CLANG_WARN_NON_LITERAL_NULL_CONVERSION = YES;
				CLANG_WARN_OBJC_IMPLICIT_RETAIN_SELF = YES;
				CLANG_WARN_OBJC_LITERAL_CONVERSION = YES;
				CLANG_WARN_OBJC_ROOT_CLASS = YES_ERROR;
				CLANG_WARN_QUOTED_INCLUDE_IN_FRAMEWORK_HEADER = YES;
				CLANG_WARN_RANGE_LOOP_ANALYSIS = YES;
				CLANG_WARN_STRICT_PROTOTYPES = YES;
				CLANG_WARN_SUSPICIOUS_MOVE = YES;
				CLANG_WARN_UNGUARDED_AVAILABILITY = YES_AGGRESSIVE;
				CLANG_WARN_UNREACHABLE_CODE = YES;
				CLANG_WARN__DUPLICATE_METHOD_MATCH = YES;
				COPY_PHASE_STRIP = NO;
				DEBUG_INFORMATION_FORMAT = dwarf;
				ENABLE_STRICT_OBJC_MSGSEND = YES;
				ENABLE_TESTABILITY = YES;
				GCC_C_LANGUAGE_STANDARD = gnu11;
				GCC_DYNAMIC_NO_PIC = NO;
				GCC_NO_COMMON_BLOCKS = YES;
				GCC_OPTIMIZATION_LEVEL = 0;
				GCC_PREPROCESSOR_DEFINITIONS = (
					"DEBUG=1",
					"$(inherited)",
				);
				GCC_WARN_64_TO_32_BIT_CONVERSION = YES;
				GCC_WARN_ABOUT_RETURN_TYPE = YES_ERROR;
				GCC_WARN_UNDECLARED_SELECTOR = YES;
				GCC_WARN_UNINITIALIZED_AUTOS = YES_AGGRESSIVE;
				GCC_WARN_UNUSED_FUNCTION = YES;
				GCC_WARN_UNUSED_VARIABLE = YES;
				IPHONEOS_DEPLOYMENT_TARGET = 16.2;
				MTL_ENABLE_DEBUG_INFO = INCLUDE_SOURCE;
				MTL_FAST_MATH = YES;
				ONLY_ACTIVE_ARCH = YES;
				SDKROOT = iphoneos;
				SWIFT_ACTIVE_COMPILATION_CONDITIONS = DEBUG;
				SWIFT_OPTIMIZATION_LEVEL = "-Onone";
			};
			name = Debug;
		};
		ED607C9F2A93247000859DFC /* Release */ = {
			isa = XCBuildConfiguration;
			buildSettings = {
				ALWAYS_SEARCH_USER_PATHS = NO;
				CLANG_ANALYZER_NONNULL = YES;
				CLANG_ANALYZER_NUMBER_OBJECT_CONVERSION = YES_AGGRESSIVE;
				CLANG_CXX_LANGUAGE_STANDARD = "gnu++20";
				CLANG_ENABLE_MODULES = YES;
				CLANG_ENABLE_OBJC_ARC = YES;
				CLANG_ENABLE_OBJC_WEAK = YES;
				CLANG_WARN_BLOCK_CAPTURE_AUTORELEASING = YES;
				CLANG_WARN_BOOL_CONVERSION = YES;
				CLANG_WARN_COMMA = YES;
				CLANG_WARN_CONSTANT_CONVERSION = YES;
				CLANG_WARN_DEPRECATED_OBJC_IMPLEMENTATIONS = YES;
				CLANG_WARN_DIRECT_OBJC_ISA_USAGE = YES_ERROR;
				CLANG_WARN_DOCUMENTATION_COMMENTS = YES;
				CLANG_WARN_EMPTY_BODY = YES;
				CLANG_WARN_ENUM_CONVERSION = YES;
				CLANG_WARN_INFINITE_RECURSION = YES;
				CLANG_WARN_INT_CONVERSION = YES;
				CLANG_WARN_NON_LITERAL_NULL_CONVERSION = YES;
				CLANG_WARN_OBJC_IMPLICIT_RETAIN_SELF = YES;
				CLANG_WARN_OBJC_LITERAL_CONVERSION = YES;
				CLANG_WARN_OBJC_ROOT_CLASS = YES_ERROR;
				CLANG_WARN_QUOTED_INCLUDE_IN_FRAMEWORK_HEADER = YES;
				CLANG_WARN_RANGE_LOOP_ANALYSIS = YES;
				CLANG_WARN_STRICT_PROTOTYPES = YES;
				CLANG_WARN_SUSPICIOUS_MOVE = YES;
				CLANG_WARN_UNGUARDED_AVAILABILITY = YES_AGGRESSIVE;
				CLANG_WARN_UNREACHABLE_CODE = YES;
				CLANG_WARN__DUPLICATE_METHOD_MATCH = YES;
				COPY_PHASE_STRIP = NO;
				DEBUG_INFORMATION_FORMAT = "dwarf-with-dsym";
				ENABLE_NS_ASSERTIONS = NO;
				ENABLE_STRICT_OBJC_MSGSEND = YES;
				GCC_C_LANGUAGE_STANDARD = gnu11;
				GCC_NO_COMMON_BLOCKS = YES;
				GCC_WARN_64_TO_32_BIT_CONVERSION = YES;
				GCC_WARN_ABOUT_RETURN_TYPE = YES_ERROR;
				GCC_WARN_UNDECLARED_SELECTOR = YES;
				GCC_WARN_UNINITIALIZED_AUTOS = YES_AGGRESSIVE;
				GCC_WARN_UNUSED_FUNCTION = YES;
				GCC_WARN_UNUSED_VARIABLE = YES;
				IPHONEOS_DEPLOYMENT_TARGET = 16.2;
				MTL_ENABLE_DEBUG_INFO = NO;
				MTL_FAST_MATH = YES;
				SDKROOT = iphoneos;
				SWIFT_COMPILATION_MODE = wholemodule;
				SWIFT_OPTIMIZATION_LEVEL = "-O";
				VALIDATE_PRODUCT = YES;
			};
			name = Release;
		};
		ED607CA12A93247000859DFC /* Debug */ = {
			isa = XCBuildConfiguration;
			buildSettings = {
				ASSETCATALOG_COMPILER_APPICON_NAME = AppIcon;
				ASSETCATALOG_COMPILER_GLOBAL_ACCENT_COLOR_NAME = AccentColor;
				CODE_SIGN_STYLE = Automatic;
				CURRENT_PROJECT_VERSION = 1;
				DEVELOPMENT_TEAM = 82J7RU93V4;
				GENERATE_INFOPLIST_FILE = YES;
				INFOPLIST_FILE = CleanPractice/Resources/Info.plist;
				INFOPLIST_KEY_UIApplicationSupportsIndirectInputEvents = YES;
				INFOPLIST_KEY_UILaunchStoryboardName = LaunchScreen;
				INFOPLIST_KEY_UISupportedInterfaceOrientations_iPad = "UIInterfaceOrientationPortrait UIInterfaceOrientationPortraitUpsideDown UIInterfaceOrientationLandscapeLeft UIInterfaceOrientationLandscapeRight";
				INFOPLIST_KEY_UISupportedInterfaceOrientations_iPhone = "UIInterfaceOrientationPortrait UIInterfaceOrientationLandscapeLeft UIInterfaceOrientationLandscapeRight";
				LD_RUNPATH_SEARCH_PATHS = (
					"$(inherited)",
					"@executable_path/Frameworks",
				);
				MARKETING_VERSION = 1.0;
				PRODUCT_BUNDLE_IDENTIFIER = com.JongHoon.CleanPractice;
				PRODUCT_NAME = "$(TARGET_NAME)";
				SWIFT_EMIT_LOC_STRINGS = YES;
				SWIFT_VERSION = 5.0;
				TARGETED_DEVICE_FAMILY = "1,2";
			};
			name = Debug;
		};
		ED607CA22A93247000859DFC /* Release */ = {
			isa = XCBuildConfiguration;
			buildSettings = {
				ASSETCATALOG_COMPILER_APPICON_NAME = AppIcon;
				ASSETCATALOG_COMPILER_GLOBAL_ACCENT_COLOR_NAME = AccentColor;
				CODE_SIGN_STYLE = Automatic;
				CURRENT_PROJECT_VERSION = 1;
				DEVELOPMENT_TEAM = 82J7RU93V4;
				GENERATE_INFOPLIST_FILE = YES;
				INFOPLIST_FILE = CleanPractice/Resources/Info.plist;
				INFOPLIST_KEY_UIApplicationSupportsIndirectInputEvents = YES;
				INFOPLIST_KEY_UILaunchStoryboardName = LaunchScreen;
				INFOPLIST_KEY_UISupportedInterfaceOrientations_iPad = "UIInterfaceOrientationPortrait UIInterfaceOrientationPortraitUpsideDown UIInterfaceOrientationLandscapeLeft UIInterfaceOrientationLandscapeRight";
				INFOPLIST_KEY_UISupportedInterfaceOrientations_iPhone = "UIInterfaceOrientationPortrait UIInterfaceOrientationLandscapeLeft UIInterfaceOrientationLandscapeRight";
				LD_RUNPATH_SEARCH_PATHS = (
					"$(inherited)",
					"@executable_path/Frameworks",
				);
				MARKETING_VERSION = 1.0;
				PRODUCT_BUNDLE_IDENTIFIER = com.JongHoon.CleanPractice;
				PRODUCT_NAME = "$(TARGET_NAME)";
				SWIFT_EMIT_LOC_STRINGS = YES;
				SWIFT_VERSION = 5.0;
				TARGETED_DEVICE_FAMILY = "1,2";
			};
			name = Release;
		};
/* End XCBuildConfiguration section */

/* Begin XCConfigurationList section */
		ED607C872A93246F00859DFC /* Build configuration list for PBXProject "CleanPractice" */ = {
			isa = XCConfigurationList;
			buildConfigurations = (
				ED607C9E2A93247000859DFC /* Debug */,
				ED607C9F2A93247000859DFC /* Release */,
			);
			defaultConfigurationIsVisible = 0;
			defaultConfigurationName = Release;
		};
		ED607CA02A93247000859DFC /* Build configuration list for PBXNativeTarget "CleanPractice" */ = {
			isa = XCConfigurationList;
			buildConfigurations = (
				ED607CA12A93247000859DFC /* Debug */,
				ED607CA22A93247000859DFC /* Release */,
			);
			defaultConfigurationIsVisible = 0;
			defaultConfigurationName = Release;
		};
/* End XCConfigurationList section */
	};
	rootObject = ED607C842A93246F00859DFC /* Project object */;
}
