// !$*UTF8*$!
{
	archiveVersion = 1;
	classes = {
	};
	objectVersion = 56;
	objects = {

/* Begin PBXBuildFile section */
		ED607C902A93246F00859DFC /* AppDelegate.swift in Sources */ = {isa = PBXBuildFile; fileRef = ED607C8F2A93246F00859DFC /* AppDelegate.swift */; };
		ED607C922A93246F00859DFC /* SceneDelegate.swift in Sources */ = {isa = PBXBuildFile; fileRef = ED607C912A93246F00859DFC /* SceneDelegate.swift */; };
		ED607C992A93247000859DFC /* Assets.xcassets in Resources */ = {isa = PBXBuildFile; fileRef = ED607C982A93247000859DFC /* Assets.xcassets */; };
		ED607C9C2A93247000859DFC /* LaunchScreen.storyboard in Resources */ = {isa = PBXBuildFile; fileRef = ED607C9A2A93247000859DFC /* LaunchScreen.storyboard */; };
		EDCCD84C2A944A75006EDC06 /* RxCocoa in Frameworks */ = {isa = PBXBuildFile; productRef = EDCCD84B2A944A75006EDC06 /* RxCocoa */; };
		EDCCD84E2A944A75006EDC06 /* RxRelay in Frameworks */ = {isa = PBXBuildFile; productRef = EDCCD84D2A944A75006EDC06 /* RxRelay */; };
		EDCCD8502A944A75006EDC06 /* RxSwift in Frameworks */ = {isa = PBXBuildFile; productRef = EDCCD84F2A944A75006EDC06 /* RxSwift */; };
		EDE518262A94971000C16C9E /* VideosListTableView.swift in Sources */ = {isa = PBXBuildFile; fileRef = EDE518252A94971000C16C9E /* VideosListTableView.swift */; };
		EDE5184C2A9613A500C16C9E /* MoviesListItemCell.swift in Sources */ = {isa = PBXBuildFile; fileRef = EDE5184B2A9613A500C16C9E /* MoviesListItemCell.swift */; };
		EDE5184E2A961C8B00C16C9E /* MoviesListItemViewModel.swift in Sources */ = {isa = PBXBuildFile; fileRef = EDE5184D2A961C8B00C16C9E /* MoviesListItemViewModel.swift */; };
		EDE518512A9625F300C16C9E /* Reusable.swift in Sources */ = {isa = PBXBuildFile; fileRef = EDE518502A9625F300C16C9E /* Reusable.swift */; };
		EDE518532A96306C00C16C9E /* ImageFetchable.swift in Sources */ = {isa = PBXBuildFile; fileRef = EDE518522A96306C00C16C9E /* ImageFetchable.swift */; };
		EDE518552A96316B00C16C9E /* ImageSpace.swift in Sources */ = {isa = PBXBuildFile; fileRef = EDE518542A96316B00C16C9E /* ImageSpace.swift */; };
		EDE5185D2A96412100C16C9E /* MovieDetailsViewController.swift in Sources */ = {isa = PBXBuildFile; fileRef = EDE5185C2A96412100C16C9E /* MovieDetailsViewController.swift */; };
		EDE518602A96428400C16C9E /* MovieDetailsViewModel.swift in Sources */ = {isa = PBXBuildFile; fileRef = EDE5185F2A96428400C16C9E /* MovieDetailsViewModel.swift */; };
		EDFC57792A9349EF0007EB98 /* MoviesListViewController.swift in Sources */ = {isa = PBXBuildFile; fileRef = EDFC57782A9349EF0007EB98 /* MoviesListViewController.swift */; };
		EDFC577C2A934A780007EB98 /* AppDIContainer.swift in Sources */ = {isa = PBXBuildFile; fileRef = EDFC577B2A934A780007EB98 /* AppDIContainer.swift */; };
		EDFC577E2A934B040007EB98 /* MoviesSceneDIContainer.swift in Sources */ = {isa = PBXBuildFile; fileRef = EDFC577D2A934B040007EB98 /* MoviesSceneDIContainer.swift */; };
		EDFC57812A934B5E0007EB98 /* MoviesCoordinator.swift in Sources */ = {isa = PBXBuildFile; fileRef = EDFC57802A934B5E0007EB98 /* MoviesCoordinator.swift */; };
		EDFC57832A934FE30007EB98 /* AppFlowCoordinator.swift in Sources */ = {isa = PBXBuildFile; fileRef = EDFC57822A934FE30007EB98 /* AppFlowCoordinator.swift */; };
		EDFC57872A9354A80007EB98 /* Video.swift in Sources */ = {isa = PBXBuildFile; fileRef = EDFC57862A9354A80007EB98 /* Video.swift */; };
		EDFC57892A9357F80007EB98 /* VideoDetail.swift in Sources */ = {isa = PBXBuildFile; fileRef = EDFC57882A9357F80007EB98 /* VideoDetail.swift */; };
		EDFC578C2A935A130007EB98 /* FetchPopularMoviesUseCase.swift in Sources */ = {isa = PBXBuildFile; fileRef = EDFC578B2A935A130007EB98 /* FetchPopularMoviesUseCase.swift */; };
		EDFC57902A9370630007EB98 /* MovieRepository.swift in Sources */ = {isa = PBXBuildFile; fileRef = EDFC578F2A9370630007EB98 /* MovieRepository.swift */; };
		EDFC57922A9371390007EB98 /* FetchMovieDetailUseCase.swift in Sources */ = {isa = PBXBuildFile; fileRef = EDFC57912A9371390007EB98 /* FetchMovieDetailUseCase.swift */; };
		EDFC57972A93731E0007EB98 /* .gitignore in Resources */ = {isa = PBXBuildFile; fileRef = EDFC57962A93731E0007EB98 /* .gitignore */; };
		EDFC57992A93733B0007EB98 /* APIKey.swift in Sources */ = {isa = PBXBuildFile; fileRef = EDFC57982A93733B0007EB98 /* APIKey.swift */; };
		EDFC579B2A93734C0007EB98 /* Endpoint.swift in Sources */ = {isa = PBXBuildFile; fileRef = EDFC579A2A93734C0007EB98 /* Endpoint.swift */; };
		EDFC579D2A9373BA0007EB98 /* Headers.swift in Sources */ = {isa = PBXBuildFile; fileRef = EDFC579C2A9373BA0007EB98 /* Headers.swift */; };
		EDFC579F2A9373DA0007EB98 /* VideoAPI.swift in Sources */ = {isa = PBXBuildFile; fileRef = EDFC579E2A9373DA0007EB98 /* VideoAPI.swift */; };
		EDFC57A42A937B5B0007EB98 /* APIAble.swift in Sources */ = {isa = PBXBuildFile; fileRef = EDFC57A32A937B5B0007EB98 /* APIAble.swift */; };
		EDFC57A82A937ED50007EB98 /* DefaultMovieRepository.swift in Sources */ = {isa = PBXBuildFile; fileRef = EDFC57A72A937ED50007EB98 /* DefaultMovieRepository.swift */; };
		EDFC57AD2A9380360007EB98 /* PopularMoviesResponseDTO+Mapping.swift in Sources */ = {isa = PBXBuildFile; fileRef = EDFC57AC2A9380360007EB98 /* PopularMoviesResponseDTO+Mapping.swift */; };
		EDFC57B12A9389D30007EB98 /* CallRequestable.swift in Sources */ = {isa = PBXBuildFile; fileRef = EDFC57B02A9389D30007EB98 /* CallRequestable.swift */; };
		EDFC57B32A938DA60007EB98 /* VideoDetailResponseDTO+Mapping.swift in Sources */ = {isa = PBXBuildFile; fileRef = EDFC57B22A938DA60007EB98 /* VideoDetailResponseDTO+Mapping.swift */; };
		EDFC57B62A93900C0007EB98 /* Alamofire in Frameworks */ = {isa = PBXBuildFile; productRef = EDFC57B52A93900C0007EB98 /* Alamofire */; };
		EDFC57BA2A9396820007EB98 /* MoviesListViewModel.swift in Sources */ = {isa = PBXBuildFile; fileRef = EDFC57B92A9396820007EB98 /* MoviesListViewModel.swift */; };
/* End PBXBuildFile section */

/* Begin PBXFileReference section */
		ED607C8C2A93246F00859DFC /* CleanPractice.app */ = {isa = PBXFileReference; explicitFileType = wrapper.application; includeInIndex = 0; path = CleanPractice.app; sourceTree = BUILT_PRODUCTS_DIR; };
		ED607C8F2A93246F00859DFC /* AppDelegate.swift */ = {isa = PBXFileReference; lastKnownFileType = sourcecode.swift; path = AppDelegate.swift; sourceTree = "<group>"; };
		ED607C912A93246F00859DFC /* SceneDelegate.swift */ = {isa = PBXFileReference; lastKnownFileType = sourcecode.swift; path = SceneDelegate.swift; sourceTree = "<group>"; };
		ED607C982A93247000859DFC /* Assets.xcassets */ = {isa = PBXFileReference; lastKnownFileType = folder.assetcatalog; path = Assets.xcassets; sourceTree = "<group>"; };
		ED607C9B2A93247000859DFC /* Base */ = {isa = PBXFileReference; lastKnownFileType = file.storyboard; name = Base; path = Base.lproj/LaunchScreen.storyboard; sourceTree = "<group>"; };
		ED607C9D2A93247000859DFC /* Info.plist */ = {isa = PBXFileReference; lastKnownFileType = text.plist.xml; path = Info.plist; sourceTree = "<group>"; };
		EDE518252A94971000C16C9E /* VideosListTableView.swift */ = {isa = PBXFileReference; lastKnownFileType = sourcecode.swift; path = VideosListTableView.swift; sourceTree = "<group>"; };
		EDE5184B2A9613A500C16C9E /* MoviesListItemCell.swift */ = {isa = PBXFileReference; lastKnownFileType = sourcecode.swift; path = MoviesListItemCell.swift; sourceTree = "<group>"; };
		EDE5184D2A961C8B00C16C9E /* MoviesListItemViewModel.swift */ = {isa = PBXFileReference; lastKnownFileType = sourcecode.swift; path = MoviesListItemViewModel.swift; sourceTree = "<group>"; };
		EDE518502A9625F300C16C9E /* Reusable.swift */ = {isa = PBXFileReference; lastKnownFileType = sourcecode.swift; path = Reusable.swift; sourceTree = "<group>"; };
		EDE518522A96306C00C16C9E /* ImageFetchable.swift */ = {isa = PBXFileReference; lastKnownFileType = sourcecode.swift; path = ImageFetchable.swift; sourceTree = "<group>"; };
		EDE518542A96316B00C16C9E /* ImageSpace.swift */ = {isa = PBXFileReference; lastKnownFileType = sourcecode.swift; path = ImageSpace.swift; sourceTree = "<group>"; };
		EDE5185C2A96412100C16C9E /* MovieDetailsViewController.swift */ = {isa = PBXFileReference; lastKnownFileType = sourcecode.swift; path = MovieDetailsViewController.swift; sourceTree = "<group>"; };
		EDE5185F2A96428400C16C9E /* MovieDetailsViewModel.swift */ = {isa = PBXFileReference; lastKnownFileType = sourcecode.swift; path = MovieDetailsViewModel.swift; sourceTree = "<group>"; };
		EDFC57782A9349EF0007EB98 /* MoviesListViewController.swift */ = {isa = PBXFileReference; lastKnownFileType = sourcecode.swift; path = MoviesListViewController.swift; sourceTree = "<group>"; };
		EDFC577B2A934A780007EB98 /* AppDIContainer.swift */ = {isa = PBXFileReference; lastKnownFileType = sourcecode.swift; path = AppDIContainer.swift; sourceTree = "<group>"; };
		EDFC577D2A934B040007EB98 /* MoviesSceneDIContainer.swift */ = {isa = PBXFileReference; lastKnownFileType = sourcecode.swift; path = MoviesSceneDIContainer.swift; sourceTree = "<group>"; };
		EDFC57802A934B5E0007EB98 /* MoviesCoordinator.swift */ = {isa = PBXFileReference; lastKnownFileType = sourcecode.swift; path = MoviesCoordinator.swift; sourceTree = "<group>"; };
		EDFC57822A934FE30007EB98 /* AppFlowCoordinator.swift */ = {isa = PBXFileReference; lastKnownFileType = sourcecode.swift; path = AppFlowCoordinator.swift; sourceTree = "<group>"; };
		EDFC57862A9354A80007EB98 /* Video.swift */ = {isa = PBXFileReference; lastKnownFileType = sourcecode.swift; path = Video.swift; sourceTree = "<group>"; };
		EDFC57882A9357F80007EB98 /* VideoDetail.swift */ = {isa = PBXFileReference; lastKnownFileType = sourcecode.swift; path = VideoDetail.swift; sourceTree = "<group>"; };
		EDFC578B2A935A130007EB98 /* FetchPopularMoviesUseCase.swift */ = {isa = PBXFileReference; lastKnownFileType = sourcecode.swift; path = FetchPopularMoviesUseCase.swift; sourceTree = "<group>"; };
		EDFC578F2A9370630007EB98 /* MovieRepository.swift */ = {isa = PBXFileReference; lastKnownFileType = sourcecode.swift; path = MovieRepository.swift; sourceTree = "<group>"; };
		EDFC57912A9371390007EB98 /* FetchMovieDetailUseCase.swift */ = {isa = PBXFileReference; lastKnownFileType = sourcecode.swift; path = FetchMovieDetailUseCase.swift; sourceTree = "<group>"; };
		EDFC57962A93731E0007EB98 /* .gitignore */ = {isa = PBXFileReference; lastKnownFileType = text; path = .gitignore; sourceTree = "<group>"; };
		EDFC57982A93733B0007EB98 /* APIKey.swift */ = {isa = PBXFileReference; lastKnownFileType = sourcecode.swift; path = APIKey.swift; sourceTree = "<group>"; };
		EDFC579A2A93734C0007EB98 /* Endpoint.swift */ = {isa = PBXFileReference; lastKnownFileType = sourcecode.swift; path = Endpoint.swift; sourceTree = "<group>"; };
		EDFC579C2A9373BA0007EB98 /* Headers.swift */ = {isa = PBXFileReference; lastKnownFileType = sourcecode.swift; path = Headers.swift; sourceTree = "<group>"; };
		EDFC579E2A9373DA0007EB98 /* VideoAPI.swift */ = {isa = PBXFileReference; lastKnownFileType = sourcecode.swift; path = VideoAPI.swift; sourceTree = "<group>"; };
		EDFC57A32A937B5B0007EB98 /* APIAble.swift */ = {isa = PBXFileReference; lastKnownFileType = sourcecode.swift; path = APIAble.swift; sourceTree = "<group>"; };
		EDFC57A72A937ED50007EB98 /* DefaultMovieRepository.swift */ = {isa = PBXFileReference; lastKnownFileType = sourcecode.swift; path = DefaultMovieRepository.swift; sourceTree = "<group>"; };
		EDFC57AC2A9380360007EB98 /* PopularMoviesResponseDTO+Mapping.swift */ = {isa = PBXFileReference; lastKnownFileType = sourcecode.swift; path = "PopularMoviesResponseDTO+Mapping.swift"; sourceTree = "<group>"; };
		EDFC57B02A9389D30007EB98 /* CallRequestable.swift */ = {isa = PBXFileReference; lastKnownFileType = sourcecode.swift; path = CallRequestable.swift; sourceTree = "<group>"; };
		EDFC57B22A938DA60007EB98 /* VideoDetailResponseDTO+Mapping.swift */ = {isa = PBXFileReference; lastKnownFileType = sourcecode.swift; path = "VideoDetailResponseDTO+Mapping.swift"; sourceTree = "<group>"; };
		EDFC57B92A9396820007EB98 /* MoviesListViewModel.swift */ = {isa = PBXFileReference; lastKnownFileType = sourcecode.swift; path = MoviesListViewModel.swift; sourceTree = "<group>"; };
/* End PBXFileReference section */

/* Begin PBXFrameworksBuildPhase section */
		ED607C892A93246F00859DFC /* Frameworks */ = {
			isa = PBXFrameworksBuildPhase;
			buildActionMask = 2147483647;
			files = (
				EDCCD84E2A944A75006EDC06 /* RxRelay in Frameworks */,
				EDCCD84C2A944A75006EDC06 /* RxCocoa in Frameworks */,
				EDCCD8502A944A75006EDC06 /* RxSwift in Frameworks */,
				EDFC57B62A93900C0007EB98 /* Alamofire in Frameworks */,
			);
			runOnlyForDeploymentPostprocessing = 0;
		};
/* End PBXFrameworksBuildPhase section */

/* Begin PBXGroup section */
		ED607C832A93246F00859DFC = {
			isa = PBXGroup;
			children = (
				EDFC57962A93731E0007EB98 /* .gitignore */,
				ED607C8E2A93246F00859DFC /* CleanPractice */,
				ED607C8D2A93246F00859DFC /* Products */,
			);
			sourceTree = "<group>";
		};
		ED607C8D2A93246F00859DFC /* Products */ = {
			isa = PBXGroup;
			children = (
				ED607C8C2A93246F00859DFC /* CleanPractice.app */,
			);
			name = Products;
			sourceTree = "<group>";
		};
		ED607C8E2A93246F00859DFC /* CleanPractice */ = {
			isa = PBXGroup;
			children = (
				ED69885F2A9327F3008671A6 /* Application */,
				EDFC57842A9353F90007EB98 /* Domain */,
				EDFC57932A9372020007EB98 /* Data */,
				EDFC57762A9349C90007EB98 /* Presentation */,
				EDFC57A92A937FD00007EB98 /* Infrastructure */,
				ED69885E2A9327E1008671A6 /* Resources */,
			);
			path = CleanPractice;
			sourceTree = "<group>";
		};
		ED69885E2A9327E1008671A6 /* Resources */ = {
			isa = PBXGroup;
			children = (
				ED607C982A93247000859DFC /* Assets.xcassets */,
				ED607C9A2A93247000859DFC /* LaunchScreen.storyboard */,
				ED607C9D2A93247000859DFC /* Info.plist */,
			);
			path = Resources;
			sourceTree = "<group>";
		};
		ED69885F2A9327F3008671A6 /* Application */ = {
			isa = PBXGroup;
			children = (
				ED607C8F2A93246F00859DFC /* AppDelegate.swift */,
				ED607C912A93246F00859DFC /* SceneDelegate.swift */,
				EDFC57822A934FE30007EB98 /* AppFlowCoordinator.swift */,
				EDFC577A2A934A6A0007EB98 /* DIContainer */,
			);
			path = Application;
			sourceTree = "<group>";
		};
		EDE518242A9496D200C16C9E /* Utils */ = {
			isa = PBXGroup;
			children = (
				EDE518272A94971D00C16C9E /* UI */,
				EDE518502A9625F300C16C9E /* Reusable.swift */,
				EDE518522A96306C00C16C9E /* ImageFetchable.swift */,
			);
			path = Utils;
			sourceTree = "<group>";
		};
		EDE518272A94971D00C16C9E /* UI */ = {
			isa = PBXGroup;
			children = (
				EDE518252A94971000C16C9E /* VideosListTableView.swift */,
				EDE518542A96316B00C16C9E /* ImageSpace.swift */,
			);
			path = UI;
			sourceTree = "<group>";
		};
		EDE5184A2A96137F00C16C9E /* TableViewCell */ = {
			isa = PBXGroup;
			children = (
				EDE5184B2A9613A500C16C9E /* MoviesListItemCell.swift */,
			);
			path = TableViewCell;
			sourceTree = "<group>";
		};
		EDE518582A9640D400C16C9E /* MoviesList */ = {
			isa = PBXGroup;
			children = (
				EDFC57B82A9396560007EB98 /* ViewModel */,
				EDFC57B72A9396450007EB98 /* View */,
			);
			path = MoviesList;
			sourceTree = "<group>";
		};
		EDE518592A9640E100C16C9E /* MovieDetails */ = {
			isa = PBXGroup;
			children = (
				EDE5185A2A96410600C16C9E /* ViewModel */,
				EDE5185B2A96410A00C16C9E /* View */,
			);
			path = MovieDetails;
			sourceTree = "<group>";
		};
		EDE5185A2A96410600C16C9E /* ViewModel */ = {
			isa = PBXGroup;
			children = (
				EDE5185F2A96428400C16C9E /* MovieDetailsViewModel.swift */,
			);
			path = ViewModel;
			sourceTree = "<group>";
		};
		EDE5185B2A96410A00C16C9E /* View */ = {
			isa = PBXGroup;
			children = (
				EDE5185C2A96412100C16C9E /* MovieDetailsViewController.swift */,
			);
			path = View;
			sourceTree = "<group>";
		};
		EDFC57762A9349C90007EB98 /* Presentation */ = {
			isa = PBXGroup;
			children = (
				EDFC57772A9349DF0007EB98 /* MoviesScene */,
				EDE518242A9496D200C16C9E /* Utils */,
			);
			path = Presentation;
			sourceTree = "<group>";
		};
		EDFC57772A9349DF0007EB98 /* MoviesScene */ = {
			isa = PBXGroup;
			children = (
				EDFC577F2A934B520007EB98 /* Flows */,
				EDE518582A9640D400C16C9E /* MoviesList */,
				EDE518592A9640E100C16C9E /* MovieDetails */,
			);
			path = MoviesScene;
			sourceTree = "<group>";
		};
		EDFC577A2A934A6A0007EB98 /* DIContainer */ = {
			isa = PBXGroup;
			children = (
				EDFC577B2A934A780007EB98 /* AppDIContainer.swift */,
				EDFC577D2A934B040007EB98 /* MoviesSceneDIContainer.swift */,
			);
			path = DIContainer;
			sourceTree = "<group>";
		};
		EDFC577F2A934B520007EB98 /* Flows */ = {
			isa = PBXGroup;
			children = (
				EDFC57802A934B5E0007EB98 /* MoviesCoordinator.swift */,
			);
			path = Flows;
			sourceTree = "<group>";
		};
		EDFC57842A9353F90007EB98 /* Domain */ = {
			isa = PBXGroup;
			children = (
				EDFC57852A93540C0007EB98 /* Entities */,
				EDFC578A2A9359BC0007EB98 /* UseCases */,
				EDFC578D2A936FF40007EB98 /* Interfaces */,
			);
			path = Domain;
			sourceTree = "<group>";
		};
		EDFC57852A93540C0007EB98 /* Entities */ = {
			isa = PBXGroup;
			children = (
				EDFC57862A9354A80007EB98 /* Video.swift */,
				EDFC57882A9357F80007EB98 /* VideoDetail.swift */,
			);
			path = Entities;
			sourceTree = "<group>";
		};
		EDFC578A2A9359BC0007EB98 /* UseCases */ = {
			isa = PBXGroup;
			children = (
				EDFC578B2A935A130007EB98 /* FetchPopularMoviesUseCase.swift */,
				EDFC57912A9371390007EB98 /* FetchMovieDetailUseCase.swift */,
			);
			path = UseCases;
			sourceTree = "<group>";
		};
		EDFC578D2A936FF40007EB98 /* Interfaces */ = {
			isa = PBXGroup;
			children = (
				EDFC578E2A93700F0007EB98 /* Repositories */,
			);
			path = Interfaces;
			sourceTree = "<group>";
		};
		EDFC578E2A93700F0007EB98 /* Repositories */ = {
			isa = PBXGroup;
			children = (
				EDFC578F2A9370630007EB98 /* MovieRepository.swift */,
			);
			path = Repositories;
			sourceTree = "<group>";
		};
		EDFC57932A9372020007EB98 /* Data */ = {
			isa = PBXGroup;
			children = (
				EDFC57942A93729D0007EB98 /* Repositories */,
				EDFC57952A9372A30007EB98 /* Network */,
			);
			path = Data;
			sourceTree = "<group>";
		};
		EDFC57942A93729D0007EB98 /* Repositories */ = {
			isa = PBXGroup;
			children = (
				EDFC57A72A937ED50007EB98 /* DefaultMovieRepository.swift */,
			);
			path = Repositories;
			sourceTree = "<group>";
		};
		EDFC57952A9372A30007EB98 /* Network */ = {
			isa = PBXGroup;
			children = (
				EDFC57AB2A9380250007EB98 /* DataMapping */,
			);
			path = Network;
			sourceTree = "<group>";
		};
		EDFC57A52A937DB40007EB98 /* APIs */ = {
			isa = PBXGroup;
			children = (
				EDFC57A32A937B5B0007EB98 /* APIAble.swift */,
				EDFC579E2A9373DA0007EB98 /* VideoAPI.swift */,
			);
			path = APIs;
			sourceTree = "<group>";
		};
		EDFC57A92A937FD00007EB98 /* Infrastructure */ = {
			isa = PBXGroup;
			children = (
				EDFC57AA2A9380010007EB98 /* Network */,
			);
			path = Infrastructure;
			sourceTree = "<group>";
		};
		EDFC57AA2A9380010007EB98 /* Network */ = {
			isa = PBXGroup;
			children = (
				EDFC57B02A9389D30007EB98 /* CallRequestable.swift */,
				EDFC57982A93733B0007EB98 /* APIKey.swift */,
				EDFC579A2A93734C0007EB98 /* Endpoint.swift */,
				EDFC579C2A9373BA0007EB98 /* Headers.swift */,
				EDFC57A52A937DB40007EB98 /* APIs */,
			);
			path = Network;
			sourceTree = "<group>";
		};
		EDFC57AB2A9380250007EB98 /* DataMapping */ = {
			isa = PBXGroup;
			children = (
				EDFC57AC2A9380360007EB98 /* PopularMoviesResponseDTO+Mapping.swift */,
				EDFC57B22A938DA60007EB98 /* VideoDetailResponseDTO+Mapping.swift */,
			);
			path = DataMapping;
			sourceTree = "<group>";
		};
		EDFC57B72A9396450007EB98 /* View */ = {
			isa = PBXGroup;
			children = (
				EDFC57782A9349EF0007EB98 /* MoviesListViewController.swift */,
				EDE5184A2A96137F00C16C9E /* TableViewCell */,
			);
			path = View;
			sourceTree = "<group>";
		};
		EDFC57B82A9396560007EB98 /* ViewModel */ = {
			isa = PBXGroup;
			children = (
				EDFC57B92A9396820007EB98 /* MoviesListViewModel.swift */,
				EDE5184D2A961C8B00C16C9E /* MoviesListItemViewModel.swift */,
			);
			path = ViewModel;
			sourceTree = "<group>";
		};
/* End PBXGroup section */

/* Begin PBXNativeTarget section */
		ED607C8B2A93246F00859DFC /* CleanPractice */ = {
			isa = PBXNativeTarget;
			buildConfigurationList = ED607CA02A93247000859DFC /* Build configuration list for PBXNativeTarget "CleanPractice" */;
			buildPhases = (
				ED607C882A93246F00859DFC /* Sources */,
				ED607C892A93246F00859DFC /* Frameworks */,
				ED607C8A2A93246F00859DFC /* Resources */,
			);
			buildRules = (
			);
			dependencies = (
			);
			name = CleanPractice;
			packageProductDependencies = (
				EDFC57B52A93900C0007EB98 /* Alamofire */,
				EDCCD84B2A944A75006EDC06 /* RxCocoa */,
				EDCCD84D2A944A75006EDC06 /* RxRelay */,
				EDCCD84F2A944A75006EDC06 /* RxSwift */,
			);
			productName = CleanPractice;
			productReference = ED607C8C2A93246F00859DFC /* CleanPractice.app */;
			productType = "com.apple.product-type.application";
		};
/* End PBXNativeTarget section */

/* Begin PBXProject section */
		ED607C842A93246F00859DFC /* Project object */ = {
			isa = PBXProject;
			attributes = {
				BuildIndependentTargetsInParallel = 1;
				LastSwiftUpdateCheck = 1420;
				LastUpgradeCheck = 1420;
				TargetAttributes = {
					ED607C8B2A93246F00859DFC = {
						CreatedOnToolsVersion = 14.2;
					};
				};
			};
			buildConfigurationList = ED607C872A93246F00859DFC /* Build configuration list for PBXProject "CleanPractice" */;
			compatibilityVersion = "Xcode 14.0";
			developmentRegion = en;
			hasScannedForEncodings = 0;
			knownRegions = (
				en,
				Base,
			);
			mainGroup = ED607C832A93246F00859DFC;
			packageReferences = (
				EDFC57B42A93900C0007EB98 /* XCRemoteSwiftPackageReference "Alamofire" */,
				EDCCD84A2A944A75006EDC06 /* XCRemoteSwiftPackageReference "RxSwift" */,
			);
			productRefGroup = ED607C8D2A93246F00859DFC /* Products */;
			projectDirPath = "";
			projectRoot = "";
			targets = (
				ED607C8B2A93246F00859DFC /* CleanPractice */,
			);
		};
/* End PBXProject section */

/* Begin PBXResourcesBuildPhase section */
		ED607C8A2A93246F00859DFC /* Resources */ = {
			isa = PBXResourcesBuildPhase;
			buildActionMask = 2147483647;
			files = (
				ED607C9C2A93247000859DFC /* LaunchScreen.storyboard in Resources */,
				EDFC57972A93731E0007EB98 /* .gitignore in Resources */,
				ED607C992A93247000859DFC /* Assets.xcassets in Resources */,
			);
			runOnlyForDeploymentPostprocessing = 0;
		};
/* End PBXResourcesBuildPhase section */

/* Begin PBXSourcesBuildPhase section */
		ED607C882A93246F00859DFC /* Sources */ = {
			isa = PBXSourcesBuildPhase;
			buildActionMask = 2147483647;
			files = (
				EDFC577C2A934A780007EB98 /* AppDIContainer.swift in Sources */,
				EDFC57B12A9389D30007EB98 /* CallRequestable.swift in Sources */,
				ED607C902A93246F00859DFC /* AppDelegate.swift in Sources */,
				EDFC57922A9371390007EB98 /* FetchMovieDetailUseCase.swift in Sources */,
				ED607C922A93246F00859DFC /* SceneDelegate.swift in Sources */,
				EDFC57902A9370630007EB98 /* MovieRepository.swift in Sources */,
				EDE518512A9625F300C16C9E /* Reusable.swift in Sources */,
				EDE5184E2A961C8B00C16C9E /* MoviesListItemViewModel.swift in Sources */,
				EDFC57832A934FE30007EB98 /* AppFlowCoordinator.swift in Sources */,
				EDE518532A96306C00C16C9E /* ImageFetchable.swift in Sources */,
				EDFC57892A9357F80007EB98 /* VideoDetail.swift in Sources */,
				EDFC579B2A93734C0007EB98 /* Endpoint.swift in Sources */,
				EDFC578C2A935A130007EB98 /* FetchPopularMoviesUseCase.swift in Sources */,
				EDFC57A42A937B5B0007EB98 /* APIAble.swift in Sources */,
				EDE518262A94971000C16C9E /* VideosListTableView.swift in Sources */,
				EDFC57812A934B5E0007EB98 /* MoviesCoordinator.swift in Sources */,
				EDFC579F2A9373DA0007EB98 /* VideoAPI.swift in Sources */,
				EDE5184C2A9613A500C16C9E /* MoviesListItemCell.swift in Sources */,
				EDE5185D2A96412100C16C9E /* MovieDetailsViewController.swift in Sources */,
				EDFC57B32A938DA60007EB98 /* VideoDetailResponseDTO+Mapping.swift in Sources */,
				EDE518602A96428400C16C9E /* MovieDetailsViewModel.swift in Sources */,
				EDFC579D2A9373BA0007EB98 /* Headers.swift in Sources */,
				EDFC57872A9354A80007EB98 /* Video.swift in Sources */,
				EDFC57A82A937ED50007EB98 /* DefaultMovieRepository.swift in Sources */,
				EDFC57792A9349EF0007EB98 /* MoviesListViewController.swift in Sources */,
				EDFC57992A93733B0007EB98 /* APIKey.swift in Sources */,
				EDFC57BA2A9396820007EB98 /* MoviesListViewModel.swift in Sources */,
				EDFC57AD2A9380360007EB98 /* PopularMoviesResponseDTO+Mapping.swift in Sources */,
				EDE518552A96316B00C16C9E /* ImageSpace.swift in Sources */,
				EDFC577E2A934B040007EB98 /* MoviesSceneDIContainer.swift in Sources */,
			);
			runOnlyForDeploymentPostprocessing = 0;
		};
/* End PBXSourcesBuildPhase section */

/* Begin PBXVariantGroup section */
		ED607C9A2A93247000859DFC /* LaunchScreen.storyboard */ = {
			isa = PBXVariantGroup;
			children = (
				ED607C9B2A93247000859DFC /* Base */,
			);
			name = LaunchScreen.storyboard;
			sourceTree = "<group>";
		};
/* End PBXVariantGroup section */

/* Begin XCBuildConfiguration section */
		ED607C9E2A93247000859DFC /* Debug */ = {
			isa = XCBuildConfiguration;
			buildSettings = {
				ALWAYS_SEARCH_USER_PATHS = NO;
				CLANG_ANALYZER_NONNULL = YES;
				CLANG_ANALYZER_NUMBER_OBJECT_CONVERSION = YES_AGGRESSIVE;
				CLANG_CXX_LANGUAGE_STANDARD = "gnu++20";
				CLANG_ENABLE_MODULES = YES;
				CLANG_ENABLE_OBJC_ARC = YES;
				CLANG_ENABLE_OBJC_WEAK = YES;
				CLANG_WARN_BLOCK_CAPTURE_AUTORELEASING = YES;
				CLANG_WARN_BOOL_CONVERSION = YES;
				CLANG_WARN_COMMA = YES;
				CLANG_WARN_CONSTANT_CONVERSION = YES;
				CLANG_WARN_DEPRECATED_OBJC_IMPLEMENTATIONS = YES;
				CLANG_WARN_DIRECT_OBJC_ISA_USAGE = YES_ERROR;
				CLANG_WARN_DOCUMENTATION_COMMENTS = YES;
				CLANG_WARN_EMPTY_BODY = YES;
				CLANG_WARN_ENUM_CONVERSION = YES;
				CLANG_WARN_INFINITE_RECURSION = YES;
				CLANG_WARN_INT_CONVERSION = YES;
				CLANG_WARN_NON_LITERAL_NULL_CONVERSION = YES;
				CLANG_WARN_OBJC_IMPLICIT_RETAIN_SELF = YES;
				CLANG_WARN_OBJC_LITERAL_CONVERSION = YES;
				CLANG_WARN_OBJC_ROOT_CLASS = YES_ERROR;
				CLANG_WARN_QUOTED_INCLUDE_IN_FRAMEWORK_HEADER = YES;
				CLANG_WARN_RANGE_LOOP_ANALYSIS = YES;
				CLANG_WARN_STRICT_PROTOTYPES = YES;
				CLANG_WARN_SUSPICIOUS_MOVE = YES;
				CLANG_WARN_UNGUARDED_AVAILABILITY = YES_AGGRESSIVE;
				CLANG_WARN_UNREACHABLE_CODE = YES;
				CLANG_WARN__DUPLICATE_METHOD_MATCH = YES;
				COPY_PHASE_STRIP = NO;
				DEBUG_INFORMATION_FORMAT = dwarf;
				ENABLE_STRICT_OBJC_MSGSEND = YES;
				ENABLE_TESTABILITY = YES;
				GCC_C_LANGUAGE_STANDARD = gnu11;
				GCC_DYNAMIC_NO_PIC = NO;
				GCC_NO_COMMON_BLOCKS = YES;
				GCC_OPTIMIZATION_LEVEL = 0;
				GCC_PREPROCESSOR_DEFINITIONS = (
					"DEBUG=1",
					"$(inherited)",
				);
				GCC_WARN_64_TO_32_BIT_CONVERSION = YES;
				GCC_WARN_ABOUT_RETURN_TYPE = YES_ERROR;
				GCC_WARN_UNDECLARED_SELECTOR = YES;
				GCC_WARN_UNINITIALIZED_AUTOS = YES_AGGRESSIVE;
				GCC_WARN_UNUSED_FUNCTION = YES;
				GCC_WARN_UNUSED_VARIABLE = YES;
				IPHONEOS_DEPLOYMENT_TARGET = 16.2;
				MTL_ENABLE_DEBUG_INFO = INCLUDE_SOURCE;
				MTL_FAST_MATH = YES;
				ONLY_ACTIVE_ARCH = YES;
				SDKROOT = iphoneos;
				SWIFT_ACTIVE_COMPILATION_CONDITIONS = DEBUG;
				SWIFT_OPTIMIZATION_LEVEL = "-Onone";
			};
			name = Debug;
		};
		ED607C9F2A93247000859DFC /* Release */ = {
			isa = XCBuildConfiguration;
			buildSettings = {
				ALWAYS_SEARCH_USER_PATHS = NO;
				CLANG_ANALYZER_NONNULL = YES;
				CLANG_ANALYZER_NUMBER_OBJECT_CONVERSION = YES_AGGRESSIVE;
				CLANG_CXX_LANGUAGE_STANDARD = "gnu++20";
				CLANG_ENABLE_MODULES = YES;
				CLANG_ENABLE_OBJC_ARC = YES;
				CLANG_ENABLE_OBJC_WEAK = YES;
				CLANG_WARN_BLOCK_CAPTURE_AUTORELEASING = YES;
				CLANG_WARN_BOOL_CONVERSION = YES;
				CLANG_WARN_COMMA = YES;
				CLANG_WARN_CONSTANT_CONVERSION = YES;
				CLANG_WARN_DEPRECATED_OBJC_IMPLEMENTATIONS = YES;
				CLANG_WARN_DIRECT_OBJC_ISA_USAGE = YES_ERROR;
				CLANG_WARN_DOCUMENTATION_COMMENTS = YES;
				CLANG_WARN_EMPTY_BODY = YES;
				CLANG_WARN_ENUM_CONVERSION = YES;
				CLANG_WARN_INFINITE_RECURSION = YES;
				CLANG_WARN_INT_CONVERSION = YES;
				CLANG_WARN_NON_LITERAL_NULL_CONVERSION = YES;
				CLANG_WARN_OBJC_IMPLICIT_RETAIN_SELF = YES;
				CLANG_WARN_OBJC_LITERAL_CONVERSION = YES;
				CLANG_WARN_OBJC_ROOT_CLASS = YES_ERROR;
				CLANG_WARN_QUOTED_INCLUDE_IN_FRAMEWORK_HEADER = YES;
				CLANG_WARN_RANGE_LOOP_ANALYSIS = YES;
				CLANG_WARN_STRICT_PROTOTYPES = YES;
				CLANG_WARN_SUSPICIOUS_MOVE = YES;
				CLANG_WARN_UNGUARDED_AVAILABILITY = YES_AGGRESSIVE;
				CLANG_WARN_UNREACHABLE_CODE = YES;
				CLANG_WARN__DUPLICATE_METHOD_MATCH = YES;
				COPY_PHASE_STRIP = NO;
				DEBUG_INFORMATION_FORMAT = "dwarf-with-dsym";
				ENABLE_NS_ASSERTIONS = NO;
				ENABLE_STRICT_OBJC_MSGSEND = YES;
				GCC_C_LANGUAGE_STANDARD = gnu11;
				GCC_NO_COMMON_BLOCKS = YES;
				GCC_WARN_64_TO_32_BIT_CONVERSION = YES;
				GCC_WARN_ABOUT_RETURN_TYPE = YES_ERROR;
				GCC_WARN_UNDECLARED_SELECTOR = YES;
				GCC_WARN_UNINITIALIZED_AUTOS = YES_AGGRESSIVE;
				GCC_WARN_UNUSED_FUNCTION = YES;
				GCC_WARN_UNUSED_VARIABLE = YES;
				IPHONEOS_DEPLOYMENT_TARGET = 16.2;
				MTL_ENABLE_DEBUG_INFO = NO;
				MTL_FAST_MATH = YES;
				SDKROOT = iphoneos;
				SWIFT_COMPILATION_MODE = wholemodule;
				SWIFT_OPTIMIZATION_LEVEL = "-O";
				VALIDATE_PRODUCT = YES;
			};
			name = Release;
		};
		ED607CA12A93247000859DFC /* Debug */ = {
			isa = XCBuildConfiguration;
			buildSettings = {
				ASSETCATALOG_COMPILER_APPICON_NAME = AppIcon;
				ASSETCATALOG_COMPILER_GLOBAL_ACCENT_COLOR_NAME = AccentColor;
				CODE_SIGN_STYLE = Automatic;
				CURRENT_PROJECT_VERSION = 1;
				DEVELOPMENT_TEAM = 82J7RU93V4;
				GENERATE_INFOPLIST_FILE = YES;
				INFOPLIST_FILE = CleanPractice/Resources/Info.plist;
				INFOPLIST_KEY_UIApplicationSupportsIndirectInputEvents = YES;
				INFOPLIST_KEY_UILaunchStoryboardName = LaunchScreen;
				INFOPLIST_KEY_UISupportedInterfaceOrientations_iPad = "UIInterfaceOrientationPortrait UIInterfaceOrientationPortraitUpsideDown UIInterfaceOrientationLandscapeLeft UIInterfaceOrientationLandscapeRight";
				INFOPLIST_KEY_UISupportedInterfaceOrientations_iPhone = "UIInterfaceOrientationPortrait UIInterfaceOrientationLandscapeLeft UIInterfaceOrientationLandscapeRight";
				LD_RUNPATH_SEARCH_PATHS = (
					"$(inherited)",
					"@executable_path/Frameworks",
				);
				MARKETING_VERSION = 1.0;
				PRODUCT_BUNDLE_IDENTIFIER = com.JongHoon.CleanPractice;
				PRODUCT_NAME = "$(TARGET_NAME)";
				SWIFT_EMIT_LOC_STRINGS = YES;
				SWIFT_VERSION = 5.0;
				TARGETED_DEVICE_FAMILY = "1,2";
			};
			name = Debug;
		};
		ED607CA22A93247000859DFC /* Release */ = {
			isa = XCBuildConfiguration;
			buildSettings = {
				ASSETCATALOG_COMPILER_APPICON_NAME = AppIcon;
				ASSETCATALOG_COMPILER_GLOBAL_ACCENT_COLOR_NAME = AccentColor;
				CODE_SIGN_STYLE = Automatic;
				CURRENT_PROJECT_VERSION = 1;
				DEVELOPMENT_TEAM = 82J7RU93V4;
				GENERATE_INFOPLIST_FILE = YES;
				INFOPLIST_FILE = CleanPractice/Resources/Info.plist;
				INFOPLIST_KEY_UIApplicationSupportsIndirectInputEvents = YES;
				INFOPLIST_KEY_UILaunchStoryboardName = LaunchScreen;
				INFOPLIST_KEY_UISupportedInterfaceOrientations_iPad = "UIInterfaceOrientationPortrait UIInterfaceOrientationPortraitUpsideDown UIInterfaceOrientationLandscapeLeft UIInterfaceOrientationLandscapeRight";
				INFOPLIST_KEY_UISupportedInterfaceOrientations_iPhone = "UIInterfaceOrientationPortrait UIInterfaceOrientationLandscapeLeft UIInterfaceOrientationLandscapeRight";
				LD_RUNPATH_SEARCH_PATHS = (
					"$(inherited)",
					"@executable_path/Frameworks",
				);
				MARKETING_VERSION = 1.0;
				PRODUCT_BUNDLE_IDENTIFIER = com.JongHoon.CleanPractice;
				PRODUCT_NAME = "$(TARGET_NAME)";
				SWIFT_EMIT_LOC_STRINGS = YES;
				SWIFT_VERSION = 5.0;
				TARGETED_DEVICE_FAMILY = "1,2";
			};
			name = Release;
		};
/* End XCBuildConfiguration section */

/* Begin XCConfigurationList section */
		ED607C872A93246F00859DFC /* Build configuration list for PBXProject "CleanPractice" */ = {
			isa = XCConfigurationList;
			buildConfigurations = (
				ED607C9E2A93247000859DFC /* Debug */,
				ED607C9F2A93247000859DFC /* Release */,
			);
			defaultConfigurationIsVisible = 0;
			defaultConfigurationName = Release;
		};
		ED607CA02A93247000859DFC /* Build configuration list for PBXNativeTarget "CleanPractice" */ = {
			isa = XCConfigurationList;
			buildConfigurations = (
				ED607CA12A93247000859DFC /* Debug */,
				ED607CA22A93247000859DFC /* Release */,
			);
			defaultConfigurationIsVisible = 0;
			defaultConfigurationName = Release;
		};
/* End XCConfigurationList section */

/* Begin XCRemoteSwiftPackageReference section */
		EDCCD84A2A944A75006EDC06 /* XCRemoteSwiftPackageReference "RxSwift" */ = {
			isa = XCRemoteSwiftPackageReference;
			repositoryURL = "https://github.com/ReactiveX/RxSwift.git";
			requirement = {
				kind = exactVersion;
				version = 6.6.0;
			};
		};
		EDFC57B42A93900C0007EB98 /* XCRemoteSwiftPackageReference "Alamofire" */ = {
			isa = XCRemoteSwiftPackageReference;
			repositoryURL = "https://github.com/Alamofire/Alamofire.git";
			requirement = {
				kind = exactVersion;
				version = 5.7.1;
			};
		};
/* End XCRemoteSwiftPackageReference section */

/* Begin XCSwiftPackageProductDependency section */
		EDCCD84B2A944A75006EDC06 /* RxCocoa */ = {
			isa = XCSwiftPackageProductDependency;
			package = EDCCD84A2A944A75006EDC06 /* XCRemoteSwiftPackageReference "RxSwift" */;
			productName = RxCocoa;
		};
		EDCCD84D2A944A75006EDC06 /* RxRelay */ = {
			isa = XCSwiftPackageProductDependency;
			package = EDCCD84A2A944A75006EDC06 /* XCRemoteSwiftPackageReference "RxSwift" */;
			productName = RxRelay;
		};
		EDCCD84F2A944A75006EDC06 /* RxSwift */ = {
			isa = XCSwiftPackageProductDependency;
			package = EDCCD84A2A944A75006EDC06 /* XCRemoteSwiftPackageReference "RxSwift" */;
			productName = RxSwift;
		};
		EDFC57B52A93900C0007EB98 /* Alamofire */ = {
			isa = XCSwiftPackageProductDependency;
			package = EDFC57B42A93900C0007EB98 /* XCRemoteSwiftPackageReference "Alamofire" */;
			productName = Alamofire;
		};
/* End XCSwiftPackageProductDependency section */
	};
	rootObject = ED607C842A93246F00859DFC /* Project object */;
}
